// !$*UTF8*$!
{
	archiveVersion = 1;
	classes = {
	};
	objectVersion = 56;
	objects = {

/* Begin PBXBuildFile section */
		FFEX0001 /* App.swift in Sources */ = {isa = PBXBuildFile; fileRef = FFEX1001; };
		FFEX0002 /* Utils.swift in Sources */ = {isa = PBXBuildFile; fileRef = FFEX1002; };
		FFEX0003 /* SBX.swift in Sources */ = {isa = PBXBuildFile; fileRef = FFEX1003; };
		FFEX0004 /* MG.swift in Sources */ = {isa = PBXBuildFile; fileRef = FFEX1004; };
		FFEX0005 /* KernelExploit.swift in Sources */ = {isa = PBXBuildFile; fileRef = FFEX1005; };
		FFEX0006 /* SupportPolicy.swift in Sources */ = {isa = PBXBuildFile; fileRef = FFEX1006; };
		FFEX0007 /* ContainerStore.swift in Sources */ = {isa = PBXBuildFile; fileRef = FFEX1007; };
		FFEX0008 /* FileReplacementService.swift in Sources */ = {isa = PBXBuildFile; fileRef = FFEX1008; };
		FFEX0009 /* Localization.swift in Sources */ = {isa = PBXBuildFile; fileRef = FFEX1009; };
		FFEX0010 /* LicenseService.swift in Sources */ = {isa = PBXBuildFile; fileRef = FFEX1010; };
		FFEX0011 /* FFCheatService.swift in Sources */ = {isa = PBXBuildFile; fileRef = FFEX1011; };
		FFEX0012 /* ContainerIdentityResolver.swift in Sources */ = {isa = PBXBuildFile; fileRef = FFEX1012; };
		FFEX0091 /* PlistGenerator.swift in Sources */ = {isa = PBXBuildFile; fileRef = FFEX1091; };
		FFEX0013 /* CheatSettings.swift in Sources */ = {isa = PBXBuildFile; fileRef = FFEX1080; };
		FFEX0014 /* SecurityBind.swift in Sources */ = {isa = PBXBuildFile; fileRef = FFEX1081; };
		FFEX0015 /* AntiDebug.swift in Sources */ = {isa = PBXBuildFile; fileRef = FFEX1082; };
		FFEX0016 /* StringObfuscator.swift in Sources */ = {isa = PBXBuildFile; fileRef = FFEX1083; };
		FFEX0017 /* FOVOverlayManager.swift in Sources */ = {isa = PBXBuildFile; fileRef = FFEX1084; };
		FFEX0018 /* Resources in Resources */ = {isa = PBXBuildFile; fileRef = FFEX1085; };
		FFEX0020 /* DesignSystem.swift in Sources */ = {isa = PBXBuildFile; fileRef = FFEX1020; };
		FFEX0021 /* LanguagePickerView.swift in Sources */ = {isa = PBXBuildFile; fileRef = FFEX1021; };
		FFEX0022 /* LoginView.swift in Sources */ = {isa = PBXBuildFile; fileRef = FFEX1022; };
		FFEX0023 /* MainMenuView.swift in Sources */ = {isa = PBXBuildFile; fileRef = FFEX1023; };
		FFEX0030 /* bad_query.c in Sources */ = {isa = PBXBuildFile; fileRef = FFEX1030; };
		FFEX0031 /* mcm_bridge.m in Sources */ = {isa = PBXBuildFile; fileRef = FFEX1031; };
		FFEX0032 /* kexploit_opa334.m in Sources */ = {isa = PBXBuildFile; fileRef = FFEX1032; };
		FFEX0033 /* offsets.m in Sources */ = {isa = PBXBuildFile; fileRef = FFEX1033; };
		FFEX0034 /* krw.m in Sources */ = {isa = PBXBuildFile; fileRef = FFEX1034; };
		FFEX0035 /* kutils.m in Sources */ = {isa = PBXBuildFile; fileRef = FFEX1035; };
		FFEX0036 /* vnode.m in Sources */ = {isa = PBXBuildFile; fileRef = FFEX1036; };
		FFEX0037 /* sandbox_escape.m in Sources */ = {isa = PBXBuildFile; fileRef = FFEX1037; };
		FFEX0038 /* wallpaper_zip.c in Sources */ = {isa = PBXBuildFile; fileRef = FFEX1038; };
		FFEX0050 /* Assets.xcassets in Resources */ = {isa = PBXBuildFile; fileRef = FFEX1050; };
/* End PBXBuildFile section */

/* Begin PBXFileReference section */
		FFEX0999 /* FFExternal.app */ = {isa = PBXFileReference; explicitFileType = wrapper.application; includeInIndex = 0; path = "FFExternal.app"; sourceTree = BUILT_PRODUCTS_DIR; };
		FFEX1090 /* FFExternal.entitlements */ = {isa = PBXFileReference; lastKnownFileType = text.plist.entitlements; path = FFExternal.entitlements; sourceTree = "<group>"; };
		FFEX1001 /* App.swift */ = {isa = PBXFileReference; lastKnownFileType = sourcecode.swift; path = App.swift; sourceTree = "<group>"; };
		FFEX1002 /* Utils.swift */ = {isa = PBXFileReference; lastKnownFileType = sourcecode.swift; path = Utils.swift; sourceTree = "<group>"; };
		FFEX1003 /* SBX.swift */ = {isa = PBXFileReference; lastKnownFileType = sourcecode.swift; path = SBX.swift; sourceTree = "<group>"; };
		FFEX1004 /* MG.swift */ = {isa = PBXFileReference; lastKnownFileType = sourcecode.swift; path = MG.swift; sourceTree = "<group>"; };
		FFEX1005 /* KernelExploit.swift */ = {isa = PBXFileReference; lastKnownFileType = sourcecode.swift; path = KernelExploit.swift; sourceTree = "<group>"; };
		FFEX1006 /* SupportPolicy.swift */ = {isa = PBXFileReference; lastKnownFileType = sourcecode.swift; path = SupportPolicy.swift; sourceTree = "<group>"; };
		FFEX1007 /* ContainerStore.swift */ = {isa = PBXFileReference; lastKnownFileType = sourcecode.swift; path = ContainerStore.swift; sourceTree = "<group>"; };
		FFEX1008 /* FileReplacementService.swift */ = {isa = PBXFileReference; lastKnownFileType = sourcecode.swift; path = FileReplacementService.swift; sourceTree = "<group>"; };
		FFEX1009 /* Localization.swift */ = {isa = PBXFileReference; lastKnownFileType = sourcecode.swift; path = Localization.swift; sourceTree = "<group>"; };
		FFEX1010 /* LicenseService.swift */ = {isa = PBXFileReference; lastKnownFileType = sourcecode.swift; path = LicenseService.swift; sourceTree = "<group>"; };
		FFEX1011 /* FFCheatService.swift */ = {isa = PBXFileReference; lastKnownFileType = sourcecode.swift; path = FFCheatService.swift; sourceTree = "<group>"; };
		FFEX1012 /* ContainerIdentityResolver.swift */ = {isa = PBXFileReference; lastKnownFileType = sourcecode.swift; path = ContainerIdentityResolver.swift; sourceTree = "<group>"; };
		FFEX1091 /* PlistGenerator.swift */ = {isa = PBXFileReference; lastKnownFileType = sourcecode.swift; path = PlistGenerator.swift; sourceTree = "<group>"; };
		FFEX1080 /* CheatSettings.swift */ = {isa = PBXFileReference; lastKnownFileType = sourcecode.swift; path = CheatSettings.swift; sourceTree = "<group>"; };
		FFEX1081 /* SecurityBind.swift */ = {isa = PBXFileReference; lastKnownFileType = sourcecode.swift; path = SecurityBind.swift; sourceTree = "<group>"; };
		FFEX1082 /* AntiDebug.swift */ = {isa = PBXFileReference; lastKnownFileType = sourcecode.swift; path = AntiDebug.swift; sourceTree = "<group>"; };
		FFEX1083 /* StringObfuscator.swift */ = {isa = PBXFileReference; lastKnownFileType = sourcecode.swift; path = StringObfuscator.swift; sourceTree = "<group>"; };
		FFEX1084 /* FOVOverlayManager.swift */ = {isa = PBXFileReference; lastKnownFileType = sourcecode.swift; path = FOVOverlayManager.swift; sourceTree = "<group>"; };
		FFEX1085 /* Resources */ = {isa = PBXFileReference; lastKnownFileType = folder; path = Resources; sourceTree = "<group>"; };
		FFEX1020 /* DesignSystem.swift */ = {isa = PBXFileReference; lastKnownFileType = sourcecode.swift; path = DesignSystem.swift; sourceTree = "<group>"; };
		FFEX1021 /* LanguagePickerView.swift */ = {isa = PBXFileReference; lastKnownFileType = sourcecode.swift; path = LanguagePickerView.swift; sourceTree = "<group>"; };
		FFEX1022 /* LoginView.swift */ = {isa = PBXFileReference; lastKnownFileType = sourcecode.swift; path = LoginView.swift; sourceTree = "<group>"; };
		FFEX1023 /* MainMenuView.swift */ = {isa = PBXFileReference; lastKnownFileType = sourcecode.swift; path = MainMenuView.swift; sourceTree = "<group>"; };
		FFEX1030 /* bad_query.c */ = {isa = PBXFileReference; lastKnownFileType = sourcecode.c.c; path = bad_query.c; sourceTree = "<group>"; };
		FFEX1031 /* mcm_bridge.m */ = {isa = PBXFileReference; lastKnownFileType = sourcecode.c.objc; path = mcm_bridge.m; sourceTree = "<group>"; };
		FFEX1032 /* kexploit_opa334.m */ = {isa = PBXFileReference; lastKnownFileType = sourcecode.c.objc; path = kexploit_opa334.m; sourceTree = "<group>"; };
		FFEX1033 /* offsets.m */ = {isa = PBXFileReference; lastKnownFileType = sourcecode.c.objc; path = offsets.m; sourceTree = "<group>"; };
		FFEX1034 /* krw.m */ = {isa = PBXFileReference; lastKnownFileType = sourcecode.c.objc; path = krw.m; sourceTree = "<group>"; };
		FFEX1035 /* kutils.m */ = {isa = PBXFileReference; lastKnownFileType = sourcecode.c.objc; path = kutils.m; sourceTree = "<group>"; };
		FFEX1036 /* vnode.m */ = {isa = PBXFileReference; lastKnownFileType = sourcecode.c.objc; path = vnode.m; sourceTree = "<group>"; };
		FFEX1037 /* sandbox_escape.m */ = {isa = PBXFileReference; lastKnownFileType = sourcecode.c.objc; path = sandbox_escape.m; sourceTree = "<group>"; };
		FFEX1038 /* wallpaper_zip.c */ = {isa = PBXFileReference; lastKnownFileType = sourcecode.c.c; path = wallpaper_zip.c; sourceTree = "<group>"; };
		FFEX1050 /* Assets.xcassets */ = {isa = PBXFileReference; lastKnownFileType = folder.assetcatalog; path = Assets.xcassets; sourceTree = "<group>"; };
		FFEX1051 /* Info.plist */ = {isa = PBXFileReference; lastKnownFileType = text.plist.xml; path = Info.plist; sourceTree = "<group>"; };
		FFEX1052 /* FFExternal-Bridging-Header.h */ = {isa = PBXFileReference; lastKnownFileType = sourcecode.c.h; path = "FFExternal-Bridging-Header.h"; sourceTree = "<group>"; };
		FFEX1060 /* bad_query.h */ = {isa = PBXFileReference; lastKnownFileType = sourcecode.c.h; path = bad_query.h; sourceTree = "<group>"; };
		FFEX1061 /* mcm_bridge.h */ = {isa = PBXFileReference; lastKnownFileType = sourcecode.c.h; path = mcm_bridge.h; sourceTree = "<group>"; };
		FFEX1070 /* kexploit_opa334.h */ = {isa = PBXFileReference; lastKnownFileType = sourcecode.c.h; path = kexploit_opa334.h; sourceTree = "<group>"; };
		FFEX1071 /* offsets.h */ = {isa = PBXFileReference; lastKnownFileType = sourcecode.c.h; path = offsets.h; sourceTree = "<group>"; };
		FFEX1072 /* krw.h */ = {isa = PBXFileReference; lastKnownFileType = sourcecode.c.h; path = krw.h; sourceTree = "<group>"; };
		FFEX1073 /* kutils.h */ = {isa = PBXFileReference; lastKnownFileType = sourcecode.c.h; path = kutils.h; sourceTree = "<group>"; };
		FFEX1074 /* vnode.h */ = {isa = PBXFileReference; lastKnownFileType = sourcecode.c.h; path = vnode.h; sourceTree = "<group>"; };
		FFEX1075 /* sandbox_escape.h */ = {isa = PBXFileReference; lastKnownFileType = sourcecode.c.h; path = sandbox_escape.h; sourceTree = "<group>"; };
		FFEX1076 /* machine_info.h */ = {isa = PBXFileReference; lastKnownFileType = sourcecode.c.h; path = machine_info.h; sourceTree = "<group>"; };
		FFEX1077 /* xpaci.h */ = {isa = PBXFileReference; lastKnownFileType = sourcecode.c.h; path = xpaci.h; sourceTree = "<group>"; };
/* End PBXFileReference section */

/* Begin PBXGroup section */
		FFEX2000 /* root */ = {
			isa = PBXGroup;
			children = (
				FFEX2001 /* FFExternal */,
				FFEX2099 /* Products */,
			);
			sourceTree = "<group>";
		};
		FFEX2099 /* Products */ = {
			isa = PBXGroup;
			children = (
				FFEX0999 /* FFExternal.app */,
			);
			name = Products;
			sourceTree = "<group>";
		};
		FFEX2001 /* FFExternal */ = {
			isa = PBXGroup;
			children = (
				FFEX1090 /* FFExternal.entitlements */,
				FFEX1001 /* App.swift */,
				FFEX1051 /* Info.plist */,
				FFEX1052 /* FFExternal-Bridging-Header.h */,
				FFEX1050 /* Assets.xcassets */,
				FFEX2010 /* helpers */,
				FFEX1085 /* Resources */,
				FFEX2020 /* views */,
				FFEX2030 /* exploit */,
				FFEX2040 /* kexploit */,
			);
			path = FFExternal;
			sourceTree = "<group>";
		};
		FFEX2010 /* helpers */ = {
			isa = PBXGroup;
			children = (
				FFEX1002 /* Utils.swift */,
				FFEX1003 /* SBX.swift */,
				FFEX1004 /* MG.swift */,
				FFEX1005 /* KernelExploit.swift */,
				FFEX1006 /* SupportPolicy.swift */,
				FFEX1007 /* ContainerStore.swift */,
				FFEX1008 /* FileReplacementService.swift */,
				FFEX1009 /* Localization.swift */,
				FFEX1010 /* LicenseService.swift */,
				FFEX1011 /* FFCheatService.swift */,
				FFEX1012 /* ContainerIdentityResolver.swift */,
				FFEX1080 /* CheatSettings.swift */,
				FFEX1091 /* PlistGenerator.swift */,
				FFEX1081 /* SecurityBind.swift */,
				FFEX1082 /* AntiDebug.swift */,
				FFEX1083 /* StringObfuscator.swift */,
				FFEX1084 /* FOVOverlayManager.swift */,
			);
			path = helpers;
			sourceTree = "<group>";
		};
		FFEX2020 /* views */ = {
			isa = PBXGroup;
			children = (
				FFEX1020 /* DesignSystem.swift */,
				FFEX1021 /* LanguagePickerView.swift */,
				FFEX1022 /* LoginView.swift */,
				FFEX1023 /* MainMenuView.swift */,
			);
			path = views;
			sourceTree = "<group>";
		};
		FFEX2030 /* exploit */ = {
			isa = PBXGroup;
			children = (
				FFEX1030 /* bad_query.c */,
				FFEX1031 /* mcm_bridge.m */,
				FFEX1060 /* bad_query.h */,
				FFEX1061 /* mcm_bridge.h */,
				FFEX1038 /* wallpaper_zip.c */,
			);
			path = exploit;
			sourceTree = "<group>";
		};
		FFEX2040 /* kexploit */ = {
			isa = PBXGroup;
			children = (
				FFEX1032 /* kexploit_opa334.m */,
				FFEX1033 /* offsets.m */,
				FFEX1034 /* krw.m */,
				FFEX1035 /* kutils.m */,
				FFEX1036 /* vnode.m */,
				FFEX1037 /* sandbox_escape.m */,
				FFEX1070 /* kexploit_opa334.h */,
				FFEX1071 /* offsets.h */,
				FFEX1072 /* krw.h */,
				FFEX1073 /* kutils.h */,
				FFEX1074 /* vnode.h */,
				FFEX1075 /* sandbox_escape.h */,
				FFEX1076 /* machine_info.h */,
				FFEX1077 /* xpaci.h */,
			);
			path = kexploit;
			sourceTree = "<group>";
		};
/* End PBXGroup section */

/* Begin PBXNativeTarget section */
		FFEX3000 /* FFExternal */ = {
			isa = PBXNativeTarget;
			buildConfigurationList = FFEX4000;
			buildPhases = (
				FFEX5000 /* Sources */,
				FFEX5001 /* Resources */,
				FFEX5002 /* Frameworks */,
			);
			buildRules = (
			);
			dependencies = (
			);
			name = FFExternal;
			productName = FFExternal;
			productReference = FFEX0999 /* FFExternal.app */;
			productType = "com.apple.product-type.application";
		};
/* End PBXNativeTarget section */

/* Begin PBXProject section */
		FFEX6000 /* Project object */ = {
			isa = PBXProject;
			attributes = {
				BuildIndependentTargetsInParallel = 1;
				LastSwiftUpdateCheck = 1500;
				LastUpgradeCheck = 1500;
				TargetAttributes = {
					FFEX3000 = {
						CreatedOnToolsVersion = 15.0;
					};
				};
			};
			buildConfigurationList = FFEX4001;
			compatibilityVersion = "Xcode 14.0";
			developmentRegion = en;
			hasScannedForEncodings = 0;
			knownRegions = (
				en,
				Base,
			);
			mainGroup = FFEX2000;
			productRefGroup = FFEX2099 /* Products */;
			projectDirPath = "";
			projectRoot = "";
			targets = (
				FFEX3000 /* FFExternal */,
			);
		};
/* End PBXProject section */

/* Begin PBXSourcesBuildPhase section */
		FFEX5000 /* Sources */ = {
			isa = PBXSourcesBuildPhase;
			buildActionMask = 2147483647;
			files = (
				FFEX0001 /* App.swift in Sources */,
				FFEX0002 /* Utils.swift in Sources */,
				FFEX0003 /* SBX.swift in Sources */,
				FFEX0004 /* MG.swift in Sources */,
				FFEX0005 /* KernelExploit.swift in Sources */,
				FFEX0006 /* SupportPolicy.swift in Sources */,
				FFEX0007 /* ContainerStore.swift in Sources */,
				FFEX0008 /* FileReplacementService.swift in Sources */,
				FFEX0009 /* Localization.swift in Sources */,
				FFEX0010 /* LicenseService.swift in Sources */,
				FFEX0011 /* FFCheatService.swift in Sources */,
				FFEX0012 /* ContainerIdentityResolver.swift in Sources */,
				FFEX0013 /* CheatSettings.swift in Sources */,
				FFEX0091 /* PlistGenerator.swift in Sources */,
				FFEX0014 /* SecurityBind.swift in Sources */,
				FFEX0015 /* AntiDebug.swift in Sources */,
				FFEX0016 /* StringObfuscator.swift in Sources */,
				FFEX0017 /* FOVOverlayManager.swift in Sources */,
				FFEX0020 /* DesignSystem.swift in Sources */,
				FFEX0021 /* LanguagePickerView.swift in Sources */,
				FFEX0022 /* LoginView.swift in Sources */,
				FFEX0023 /* MainMenuView.swift in Sources */,
				FFEX0030 /* bad_query.c in Sources */,
				FFEX0031 /* mcm_bridge.m in Sources */,
				FFEX0032 /* kexploit_opa334.m in Sources */,
				FFEX0033 /* offsets.m in Sources */,
				FFEX0034 /* krw.m in Sources */,
				FFEX0035 /* kutils.m in Sources */,
				FFEX0036 /* vnode.m in Sources */,
				FFEX0037 /* sandbox_escape.m in Sources */,
				FFEX0038 /* wallpaper_zip.c in Sources */,
			);
			runOnlyForDeploymentPostprocessing = 0;
		};
/* End PBXSourcesBuildPhase section */

/* Begin PBXResourcesBuildPhase section */
		FFEX5001 /* Resources */ = {
			isa = PBXResourcesBuildPhase;
			buildActionMask = 2147483647;
			files = (
				FFEX0050 /* Assets.xcassets in Resources */,
			);
			runOnlyForDeploymentPostprocessing = 0;
		};
/* End PBXResourcesBuildPhase section */

/* Begin PBXFrameworksBuildPhase section */
		FFEX5002 /* Frameworks */ = {
			isa = PBXFrameworksBuildPhase;
			buildActionMask = 2147483647;
			files = (
			);
			runOnlyForDeploymentPostprocessing = 0;
		};
/* End PBXFrameworksBuildPhase section */

/* Begin XCBuildConfiguration section */
		FFEX4010 /* Debug */ = {
			isa = XCBuildConfiguration;
			buildSettings = {
				ASSETCATALOG_COMPILER_APPICON_NAME = AppIcon;
				CODE_SIGN_ENTITLEMENTS = "";
				CODE_SIGN_STYLE = Automatic;
				CURRENT_PROJECT_VERSION = 1;
				ENABLE_USER_SCRIPT_SANDBOXING = NO;
				GCC_C_LANGUAGE_STANDARD = gnu17;
				INFOPLIST_FILE = FFExternal/Info.plist;
				IPHONEOS_DEPLOYMENT_TARGET = 16.0;
				LD_RUNPATH_SEARCH_PATHS = (
					"$(inherited)",
					"@executable_path/Frameworks",
				);
				MARKETING_VERSION = 1.0.0;
				OTHER_LDFLAGS = "-lz";
				PRODUCT_BUNDLE_IDENTIFIER = "com.apple.mobile.MobileHouseArrest";
				PRODUCT_NAME = FFExternal;
				SWIFT_OBJC_BRIDGING_HEADER = "FFExternal/FFExternal-Bridging-Header.h";
				SWIFT_VERSION = 5.0;
				TARGETED_DEVICE_FAMILY = "1,2";
				CLANG_CXX_LANGUAGE_STANDARD = "gnu++20";
				CLANG_ENABLE_MODULES = YES;
				CLANG_ENABLE_OBJC_ARC = YES;
				CLANG_ENABLE_OBJC_WEAK = YES;
				GCC_DYNAMIC_NO_PIC = NO;
				GCC_OPTIMIZATION_LEVEL = 0;
				GCC_PREPROCESSOR_DEFINITIONS = (
					"DEBUG=1",
					"$(inherited)",
				);
				MTL_ENABLE_DEBUG_INFO = INCLUDE_SOURCE;
				MTL_FAST_MATH = YES;
				SWIFT_ACTIVE_COMPILATION_CONDITIONS = DEBUG;
				SWIFT_OPTIMIZATION_LEVEL = "-Onone";
			};
			name = Debug;
		};
		FFEX4011 /* Release */ = {
			isa = XCBuildConfiguration;
			buildSettings = {
				ASSETCATALOG_COMPILER_APPICON_NAME = AppIcon;
				CODE_SIGN_ENTITLEMENTS = "";
				CODE_SIGN_STYLE = Automatic;
				CURRENT_PROJECT_VERSION = 1;
				ENABLE_USER_SCRIPT_SANDBOXING = NO;
				GCC_C_LANGUAGE_STANDARD = gnu17;
				INFOPLIST_FILE = FFExternal/Info.plist;
				IPHONEOS_DEPLOYMENT_TARGET = 16.0;
				LD_RUNPATH_SEARCH_PATHS = (
					"$(inherited)",
					"@executable_path/Frameworks",
				);
				MARKETING_VERSION = 1.0.0;
				OTHER_LDFLAGS = "-lz";
				PRODUCT_BUNDLE_IDENTIFIER = "com.apple.mobile.MobileHouseArrest";
				PRODUCT_NAME = FFExternal;
				SWIFT_OBJC_BRIDGING_HEADER = "FFExternal/FFExternal-Bridging-Header.h";
				SWIFT_VERSION = 5.0;
				TARGETED_DEVICE_FAMILY = "1,2";
				CLANG_CXX_LANGUAGE_STANDARD = "gnu++20";
				CLANG_ENABLE_MODULES = YES;
				CLANG_ENABLE_OBJC_ARC = YES;
				CLANG_ENABLE_OBJC_WEAK = YES;
				COPY_PHASE_STRIP = NO;
				MTL_FAST_MATH = YES;
				SWIFT_COMPILATION_MODE = wholemodule;
				SWIFT_OPTIMIZATION_LEVEL = "-O";
				VALIDATE_PRODUCT = YES;
			};
			name = Release;
		};
		FFEX4020 /* Debug (Project) */ = {
			isa = XCBuildConfiguration;
			buildSettings = {
				ALWAYS_SEARCH_USER_PATHS = NO;
				CLANG_ANALYZER_NONNULL = YES;
				CLANG_ANALYZER_NUMBER_OBJECT_CONVERSION = YES_AGGRESSIVE;
				CLANG_CXX_LANGUAGE_STANDARD = "gnu++20";
				CLANG_ENABLE_MODULES = YES;
				CLANG_ENABLE_OBJC_ARC = YES;
				CLANG_ENABLE_OBJC_WEAK = YES;
				CLANG_WARN_BLOCK_CAPTURE_AUTORELEASING = YES;
				CLANG_WARN_BOOL_CONVERSION = YES;
				CLANG_WARN_COMMA = YES;
				CLANG_WARN_CONSTANT_CONVERSION = YES;
				CLANG_WARN_DEPRECATED_OBJC_IMPLEMENTATIONS = YES;
				CLANG_WARN_DIRECT_OBJC_ISA_USAGE = YES_ERROR;
				CLANG_WARN_DOCUMENTATION_COMMENTS = YES;
				CLANG_WARN_EMPTY_BODY = YES;
				CLANG_WARN_ENUM_CONVERSION = YES;
				CLANG_WARN_INFINITE_RECURSION = YES;
				CLANG_WARN_INT_CONVERSION = YES;
				CLANG_WARN_NON_LITERAL_NULL_CONVERSION = YES;
				CLANG_WARN_OBJC_IMPLICIT_RETAIN_CYCLE = YES;
				CLANG_WARN_OBJC_LITERAL_CONVERSION = YES;
				CLANG_WARN_OBJC_ROOT_CLASS = YES_ERROR;
				CLANG_WARN_QUOTED_INCLUDE_IN_FRAMEWORK_HEADER = YES;
				CLANG_WARN_RANGE_LOOP_ANALYSIS = YES;
				CLANG_WARN_STRICT_PROTOTYPES = YES;
				CLANG_WARN_SUSPICIOUS_MOVE = YES;
				CLANG_WARN_UNGUARDED_AVAILABILITY = YES_AGGRESSIVE;
				CLANG_WARN_UNREACHABLE_CODE = YES;
				CLANG_WARN__DUPLICATE_METHOD_MATCH = YES;
				COPY_PHASE_STRIP = NO;
				DEBUG_INFORMATION_FORMAT = dwarf;
				ENABLE_STRICT_OBJC_MSGSEND = YES;
				ENABLE_TESTABILITY = YES;
				ENABLE_USER_SCRIPT_SANDBOXING = NO;
				GCC_C_LANGUAGE_STANDARD = gnu17;
				GCC_DYNAMIC_NO_PIC = NO;
				GCC_NO_COMMON_BLOCKS = YES;
				GCC_OPTIMIZATION_LEVEL = 0;
				GCC_PREPROCESSOR_DEFINITIONS = (
					"DEBUG=1",
					"$(inherited)",
				);
				GCC_WARN_64_TO_32_BIT_CONVERSION = YES;
				GCC_WARN_ABOUT_RETURN_TYPE = YES_ERROR;
				GCC_WARN_UNDECLARED_SELECTOR = YES;
				GCC_WARN_UNINITIALIZED_AUTOS = YES_AGGRESSIVE;
				GCC_WARN_UNUSED_FUNCTION = YES;
				GCC_WARN_UNUSED_VARIABLE = YES;
				IPHONEOS_DEPLOYMENT_TARGET = 16.0;
				MTL_ENABLE_DEBUG_INFO = INCLUDE_SOURCE;
				MTL_FAST_MATH = YES;
				ONLY_ACTIVE_ARCH = YES;
				SDKROOT = iphoneos;
				SWIFT_ACTIVE_COMPILATION_CONDITIONS = DEBUG;
				SWIFT_OPTIMIZATION_LEVEL = "-Onone";
			};
			name = Debug;
		};
		FFEX4021 /* Release (Project) */ = {
			isa = XCBuildConfiguration;
			buildSettings = {
				ALWAYS_SEARCH_USER_PATHS = NO;
				CLANG_ANALYZER_NONNULL = YES;
				CLANG_ANALYZER_NUMBER_OBJECT_CONVERSION = YES_AGGRESSIVE;
				CLANG_CXX_LANGUAGE_STANDARD = "gnu++20";
				CLANG_ENABLE_MODULES = YES;
				CLANG_ENABLE_OBJC_ARC = YES;
				CLANG_ENABLE_OBJC_WEAK = YES;
				CLANG_WARN_BLOCK_CAPTURE_AUTORELEASING = YES;
				CLANG_WARN_BOOL_CONVERSION = YES;
				CLANG_WARN_COMMA = YES;
				CLANG_WARN_CONSTANT_CONVERSION = YES;
				CLANG_WARN_DEPRECATED_OBJC_IMPLEMENTATIONS = YES;
				CLANG_WARN_DIRECT_OBJC_ISA_USAGE = YES_ERROR;
				CLANG_WARN_DOCUMENTATION_COMMENTS = YES;
				CLANG_WARN_EMPTY_BODY = YES;
				CLANG_WARN_ENUM_CONVERSION = YES;
				CLANG_WARN_INFINITE_RECURSION = YES;
				CLANG_WARN_INT_CONVERSION = YES;
				CLANG_WARN_NON_LITERAL_NULL_CONVERSION = YES;
				CLANG_WARN_OBJC_IMPLICIT_RETAIN_CYCLE = YES;
				CLANG_WARN_OBJC_LITERAL_CONVERSION = YES;
				CLANG_WARN_OBJC_ROOT_CLASS = YES_ERROR;
				CLANG_WARN_QUOTED_INCLUDE_IN_FRAMEWORK_HEADER = YES;
				CLANG_WARN_RANGE_LOOP_ANALYSIS = YES;
				CLANG_WARN_STRICT_PROTOTYPES = YES;
				CLANG_WARN_SUSPICIOUS_MOVE = YES;
				CLANG_WARN_UNGUARDED_AVAILABILITY = YES_AGGRESSIVE;
				CLANG_WARN_UNREACHABLE_CODE = YES;
				CLANG_WARN__DUPLICATE_METHOD_MATCH = YES;
				COPY_PHASE_STRIP = NO;
				DEBUG_INFORMATION_FORMAT = "dwarf-with-dsym";
				ENABLE_NS_ASSERTIONS = NO;
				ENABLE_STRICT_OBJC_MSGSEND = YES;
				ENABLE_USER_SCRIPT_SANDBOXING = NO;
				GCC_C_LANGUAGE_STANDARD = gnu17;
				GCC_NO_COMMON_BLOCKS = YES;
				GCC_WARN_64_TO_32_BIT_CONVERSION = YES;
				GCC_WARN_ABOUT_RETURN_TYPE = YES_ERROR;
				GCC_WARN_UNDECLARED_SELECTOR = YES;
				GCC_WARN_UNINITIALIZED_AUTOS = YES_AGGRESSIVE;
				GCC_WARN_UNUSED_FUNCTION = YES;
				GCC_WARN_UNUSED_VARIABLE = YES;
				IPHONEOS_DEPLOYMENT_TARGET = 16.0;
				MTL_FAST_MATH = YES;
				SDKROOT = iphoneos;
				SWIFT_COMPILATION_MODE = wholemodule;
				SWIFT_OPTIMIZATION_LEVEL = "-O";
				VALIDATE_PRODUCT = YES;
			};
			name = Release;
		};
/* End XCBuildConfiguration section */

/* Begin XCConfigurationList section */
		FFEX4000 /* Build configuration list for PBXNativeTarget "FFExternal" */ = {
			isa = XCConfigurationList;
			buildConfigurations = (
				FFEX4010 /* Debug */,
				FFEX4011 /* Release */,
			);
			defaultConfigurationIsVisible = 0;
			defaultConfigurationName = Release;
		};
		FFEX4001 /* Build configuration list for PBXProject "FFExternal" */ = {
			isa = XCConfigurationList;
			buildConfigurations = (
				FFEX4020 /* Debug */,
				FFEX4021 /* Release */,
			);
			defaultConfigurationIsVisible = 0;
			defaultConfigurationName = Release;
		};
/* End XCConfigurationList section */

	};
	rootObject = FFEX6000 /* Project object */;
}
